
Microsoft Visual Studio Solution File, Format Version 12.00
# Visual Studio 15
VisualStudioVersion = 15.0.27004.2006
MinimumVisualStudioVersion = 10.0.40219.1
Project("{FAE04EC0-301F-11D3-BF4B-00C04F79EFBC}") = "UI.Web", "UI.Web\UI.Web.csproj", "{68E83146-D590-4FA0-B097-58C9C2367147}"
EndProject
Project("{FAE04EC0-301F-11D3-BF4B-00C04F79EFBC}") = "Srvices", "Srvices\Srvices.csproj", "{91214D7D-4C54-4D56-8AB5-A70A92A8088B}"
EndProject
Project("{FAE04EC0-301F-11D3-BF4B-00C04F79EFBC}") = "DataAccess1", "DataAccess1\DataAccess1.csproj", "{42870341-D09F-45EB-9CD4-FCFB561F7BAF}"
EndProject
Global
	GlobalSection(SolutionConfigurationPlatforms) = preSolution
		Debug|Any CPU = Debug|Any CPU
		Release|Any CPU = Release|Any CPU
	EndGlobalSection
	GlobalSection(ProjectConfigurationPlatforms) = postSolution
		{68E83146-D590-4FA0-B097-58C9C2367147}.Debug|Any CPU.ActiveCfg = Debug|Any CPU
		{68E83146-D590-4FA0-B097-58C9C2367147}.Debug|Any CPU.Build.0 = Debug|Any CPU
		{68E83146-D590-4FA0-B097-58C9C2367147}.Release|Any CPU.ActiveCfg = Release|Any CPU
		{68E83146-D590-4FA0-B097-58C9C2367147}.Release|Any CPU.Build.0 = Release|Any CPU
		{91214D7D-4C54-4D56-8AB5-A70A92A8088B}.Debug|Any CPU.ActiveCfg = Debug|Any CPU
		{91214D7D-4C54-4D56-8AB5-A70A92A8088B}.Debug|Any CPU.Build.0 = Debug|Any CPU
		{91214D7D-4C54-4D56-8AB5-A70A92A8088B}.Release|Any CPU.ActiveCfg = Release|Any CPU
		{91214D7D-4C54-4D56-8AB5-A70A92A8088B}.Release|Any CPU.Build.0 = Release|Any CPU
		{42870341-D09F-45EB-9CD4-FCFB561F7BAF}.Debug|Any CPU.ActiveCfg = Debug|Any CPU
		{42870341-D09F-45EB-9CD4-FCFB561F7BAF}.Debug|Any CPU.Build.0 = Debug|Any CPU
		{42870341-D09F-45EB-9CD4-FCFB561F7BAF}.Release|Any CPU.ActiveCfg = Release|Any CPU
		{42870341-D09F-45EB-9CD4-FCFB561F7BAF}.Release|Any CPU.Build.0 = Release|Any CPU
	EndGlobalSection
	GlobalSection(SolutionProperties) = preSolution
		HideSolutionNode = FALSE
	EndGlobalSection
	GlobalSection(ExtensibilityGlobals) = postSolution
		SolutionGuid = {FFCF99C8-0BF9-4B8D-95C3-2A8FE6E204AB}
	EndGlobalSection
EndGlobal
